
Microsoft Visual Studio Solution File, Format Version 12.00
# Visual Studio Version 17
VisualStudioVersion = 17.4.33403.182
MinimumVisualStudioVersion = 10.0.40219.1
Project("{FAE04EC0-301F-11D3-BF4B-00C04F79EFBC}") = "Api", "Api\Api.csproj", "{F9014361-1BE6-4881-B839-8B915D76585F}"
EndProject
Global
	GlobalSection(SolutionConfigurationPlatforms) = preSolution
		Debug|Any CPU = Debug|Any CPU
		Release|Any CPU = Release|Any CPU
	EndGlobalSection
	GlobalSection(ProjectConfigurationPlatforms) = postSolution
		{F9014361-1BE6-4881-B839-8B915D76585F}.Debug|Any CPU.ActiveCfg = Debug|Any CPU
		{F9014361-1BE6-4881-B839-8B915D76585F}.Debug|Any CPU.Build.0 = Debug|Any CPU
		{F9014361-1BE6-4881-B839-8B915D76585F}.Release|Any CPU.ActiveCfg = Release|Any CPU
		{F9014361-1BE6-4881-B839-8B915D76585F}.Release|Any CPU.Build.0 = Release|Any CPU
	EndGlobalSection
	GlobalSection(SolutionProperties) = preSolution
		HideSolutionNode = FALSE
	EndGlobalSection
	GlobalSection(ExtensibilityGlobals) = postSolution
		SolutionGuid = {0C1B24DC-1961-43E8-BC97-F9C1898C4D8E}
	EndGlobalSection
EndGlobal
